
Microsoft Visual Studio Solution File, Format Version 12.00
# Visual Studio Version 16
VisualStudioVersion = 16.0.29418.71
MinimumVisualStudioVersion = 10.0.40219.1
Project("{FAE04EC0-301F-11D3-BF4B-00C04F79EFBC}") = "Publisher", "Publisher.csproj", "{39ACDBD2-DF18-492A-AB42-838A26D49060}"
EndProject
Project("{FAE04EC0-301F-11D3-BF4B-00C04F79EFBC}") = "Subscriber", "..\Subscriber\Subscriber.csproj", "{92556964-CE18-4C92-A843-4741056A70D7}"
EndProject
Project("{FAE04EC0-301F-11D3-BF4B-00C04F79EFBC}") = "Messages", "..\Messages\Messages.csproj", "{91442523-7277-403E-A702-9251A0D6FA06}"
EndProject
Global
	GlobalSection(SolutionConfigurationPlatforms) = preSolution
		Debug|Any CPU = Debug|Any CPU
		Release|Any CPU = Release|Any CPU
	EndGlobalSection
	GlobalSection(ProjectConfigurationPlatforms) = postSolution
		{39ACDBD2-DF18-492A-AB42-838A26D49060}.Debug|Any CPU.ActiveCfg = Debug|Any CPU
		{39ACDBD2-DF18-492A-AB42-838A26D49060}.Debug|Any CPU.Build.0 = Debug|Any CPU
		{39ACDBD2-DF18-492A-AB42-838A26D49060}.Release|Any CPU.ActiveCfg = Release|Any CPU
		{39ACDBD2-DF18-492A-AB42-838A26D49060}.Release|Any CPU.Build.0 = Release|Any CPU
		{92556964-CE18-4C92-A843-4741056A70D7}.Debug|Any CPU.ActiveCfg = Debug|Any CPU
		{92556964-CE18-4C92-A843-4741056A70D7}.Debug|Any CPU.Build.0 = Debug|Any CPU
		{92556964-CE18-4C92-A843-4741056A70D7}.Release|Any CPU.ActiveCfg = Release|Any CPU
		{92556964-CE18-4C92-A843-4741056A70D7}.Release|Any CPU.Build.0 = Release|Any CPU
		{91442523-7277-403E-A702-9251A0D6FA06}.Debug|Any CPU.ActiveCfg = Debug|Any CPU
		{91442523-7277-403E-A702-9251A0D6FA06}.Debug|Any CPU.Build.0 = Debug|Any CPU
		{91442523-7277-403E-A702-9251A0D6FA06}.Release|Any CPU.ActiveCfg = Release|Any CPU
		{91442523-7277-403E-A702-9251A0D6FA06}.Release|Any CPU.Build.0 = Release|Any CPU
	EndGlobalSection
	GlobalSection(SolutionProperties) = preSolution
		HideSolutionNode = FALSE
	EndGlobalSection
	GlobalSection(ExtensibilityGlobals) = postSolution
		SolutionGuid = {01E615D0-7336-46C5-922C-EB68F32A6AA4}
	EndGlobalSection
EndGlobal
